<?xml version="1.0" encoding="utf-8"?>
<Project ToolsVersion="4.0" xmlns="http://schemas.microsoft.com/developer/msbuild/2003">
  <ItemGroup>
    <Filter Include="Source Files">
      <UniqueIdentifier>{4FC737F1-C7A5-4376-A066-2A32D752A2FF}</UniqueIdentifier>
      <Extensions>cpp;c;cc;cxx;c++;def;odl;idl;hpj;bat;asm;asmx</Extensions>
    </Filter>
    <Filter Include="Header Files">
      <UniqueIdentifier>{93995380-89BD-4b04-88EB-625FBE52EBFB}</UniqueIdentifier>
      <Extensions>h;hh;hpp;hxx;h++;hm;inl;inc;ipp;xsd</Extensions>
    </Filter>
    <Filter Include="Resource Files">
      <UniqueIdentifier>{67DA6AB6-F800-4c08-8B7A-83BB121AAD01}</UniqueIdentifier>
      <Extensions>rc;ico;cur;bmp;dlg;rc2;rct;bin;rgs;gif;jpg;jpeg;jpe;resx;tiff;tif;png;wav;mfcribbon-ms</Extensions>
    </Filter>
  </ItemGroup>
  <ItemGroup>
    <ClCompile Include="ComputePlayground.cpp">
      <Filter>Source Files</Filter>
    </ClCompile>
    <ClCompile Include="DX\DXCompiler.cpp">
      <Filter>Source Files</Filter>
    </ClCompile>
    <ClCompile Include="core\Common.cpp">
      <Filter>Source Files</Filter>
    </ClCompile>
    <ClCompile Include="DX\DXContext.cpp">
      <Filter>Source Files</Filter>
    </ClCompile>
    <ClCompile Include="DX\DXCommon.cpp">
      <Filter>Source Files</Filter>
    </ClCompile>
    <ClCompile Include="core\GPUCapture.cpp">
      <Filter>Source Files</Filter>
    </ClCompile>
    <ClCompile Include="DX\DXWindow.cpp">
      <Filter>Source Files</Filter>
    </ClCompile>
    <ClCompile Include="DX\DXResource.cpp">
      <Filter>Source Files</Filter>
    </ClCompile>
    <ClCompile Include="maths\LinearAlgebra.cpp">
      <Filter>Source Files</Filter>
    </ClCompile>
    <ClCompile Include="DX\DXQuery.cpp">
      <Filter>Source Files</Filter>
    </ClCompile>
    <ClCompile Include="core\Logger.cpp">
      <Filter>Source Files</Filter>
    </ClCompile>
    <ClCompile Include="core\MemoryReporting.cpp">
      <Filter>Source Files</Filter>
    </ClCompile>
    <ClCompile Include="DX\DXWindowManager.cpp">
      <Filter>Source Files</Filter>
    </ClCompile>
  </ItemGroup>
  <ItemGroup>
    <None Include="shaders\ComputeShader.hlsl" />
    <None Include="packages.config" />
    <None Include="shaders\PixelShader.hlsl" />
    <None Include="shaders\VertexShader.hlsl" />
    <None Include="shaders\WorkGraphShader.hlsl" />
  </ItemGroup>
  <ItemGroup>
    <ClInclude Include="DX\DXCompiler.h">
      <Filter>Header Files</Filter>
    </ClInclude>
    <ClInclude Include="core\Common.h">
      <Filter>Header Files</Filter>
    </ClInclude>
    <ClInclude Include="DX\DXContext.h">
      <Filter>Header Files</Filter>
    </ClInclude>
    <ClInclude Include="DX\DXCommon.h">
      <Filter>Header Files</Filter>
    </ClInclude>
    <ClInclude Include="core\GPUCapture.h">
      <Filter>Header Files</Filter>
    </ClInclude>
    <ClInclude Include="DX\DXWindow.h">
      <Filter>Header Files</Filter>
    </ClInclude>
    <ClInclude Include="DX\DXResource.h">
      <Filter>Header Files</Filter>
    </ClInclude>
    <ClInclude Include="maths\LinearAlgebra.h">
      <Filter>Header Files</Filter>
    </ClInclude>
    <ClInclude Include="core\Types.h">
      <Filter>Header Files</Filter>
    </ClInclude>
    <ClInclude Include="DX\DXQuery.h">
      <Filter>Header Files</Filter>
    </ClInclude>
    <ClInclude Include="core\Logger.h">
      <Filter>Header Files</Filter>
    </ClInclude>
    <ClInclude Include="core\MemoryReporting.h">
      <Filter>Header Files</Filter>
    </ClInclude>
    <ClInclude Include="DX\DXWindowManager.h">
      <Filter>Header Files</Filter>
    </ClInclude>
  </ItemGroup>
  <ItemGroup>
    <Text Include="shaders\Common.hlsl" />
  </ItemGroup>
</Project>